
Microsoft Visual Studio Solution File, Format Version 12.00
# Visual Studio Version 17
VisualStudioVersion = 17.0.32014.148
MinimumVisualStudioVersion = 10.0.40219.1
Project("{FAE04EC0-301F-11D3-BF4B-00C04F79EFBC}") = "MinimalAPIDemo", "MinimalAPIDemo\MinimalAPIDemo.csproj", "{F012763F-B3A8-44C7-BD2E-BF001655141F}"
EndProject
Project("{00D1A9C2-B5F0-4AF3-8072-F6C62B433612}") = "UserDB", "UserDB\UserDB.sqlproj", "{F696F090-2A86-4573-92CC-416215168C7B}"
EndProject
Global
	GlobalSection(SolutionConfigurationPlatforms) = preSolution
		Debug|Any CPU = Debug|Any CPU
		Release|Any CPU = Release|Any CPU
	EndGlobalSection
	GlobalSection(ProjectConfigurationPlatforms) = postSolution
		{F012763F-B3A8-44C7-BD2E-BF001655141F}.Debug|Any CPU.ActiveCfg = Debug|Any CPU
		{F012763F-B3A8-44C7-BD2E-BF001655141F}.Debug|Any CPU.Build.0 = Debug|Any CPU
		{F012763F-B3A8-44C7-BD2E-BF001655141F}.Release|Any CPU.ActiveCfg = Release|Any CPU
		{F012763F-B3A8-44C7-BD2E-BF001655141F}.Release|Any CPU.Build.0 = Release|Any CPU
		{F696F090-2A86-4573-92CC-416215168C7B}.Debug|Any CPU.ActiveCfg = Debug|Any CPU
		{F696F090-2A86-4573-92CC-416215168C7B}.Debug|Any CPU.Build.0 = Debug|Any CPU
		{F696F090-2A86-4573-92CC-416215168C7B}.Debug|Any CPU.Deploy.0 = Debug|Any CPU
		{F696F090-2A86-4573-92CC-416215168C7B}.Release|Any CPU.ActiveCfg = Release|Any CPU
		{F696F090-2A86-4573-92CC-416215168C7B}.Release|Any CPU.Build.0 = Release|Any CPU
		{F696F090-2A86-4573-92CC-416215168C7B}.Release|Any CPU.Deploy.0 = Release|Any CPU
	EndGlobalSection
	GlobalSection(SolutionProperties) = preSolution
		HideSolutionNode = FALSE
	EndGlobalSection
	GlobalSection(ExtensibilityGlobals) = postSolution
		SolutionGuid = {4BAB2463-979E-4331-83E8-12068B1C5BDD}
	EndGlobalSection
EndGlobal
